hash: e31fd6ee58e6f84fc9314ae96b2d7cc6505a92fae42f1dfc3dc9721e83cee28d
updated: 2017-02-23T22:23:39.781564831+08:00
imports:
- name: go.uber.org/atomic
  version: 3b8db5e93c4c02efbc313e17b2e796b0914a01fb
- name: go.uber.org/zap
  version: 72313cde80537dd4dc9b7b80eda6d7ed796c4232
  subpackages:
  - buffer
  - internal/bufferpool
  - internal/exit
  - internal/multierror
  - zapcore
testImports: []
